
Microsoft Visual Studio Solution File, Format Version 12.00
# Visual Studio Version 17
VisualStudioVersion = 17.4.33213.308
MinimumVisualStudioVersion = 10.0.40219.1
Project("{FAE04EC0-301F-11D3-BF4B-00C04F79EFBC}") = "Generic.Task", "Generic.Task.csproj", "{99526645-C84A-42FE-B421-B4BF135FEFC5}"
EndProject
Global
	GlobalSection(SolutionConfigurationPlatforms) = preSolution
		Debug|Any CPU = Debug|Any CPU
		Release|Any CPU = Release|Any CPU
	EndGlobalSection
	GlobalSection(ProjectConfigurationPlatforms) = postSolution
		{99526645-C84A-42FE-B421-B4BF135FEFC5}.Debug|Any CPU.ActiveCfg = Debug|Any CPU
		{99526645-C84A-42FE-B421-B4BF135FEFC5}.Debug|Any CPU.Build.0 = Debug|Any CPU
		{99526645-C84A-42FE-B421-B4BF135FEFC5}.Release|Any CPU.ActiveCfg = Release|Any CPU
		{99526645-C84A-42FE-B421-B4BF135FEFC5}.Release|Any CPU.Build.0 = Release|Any CPU
	EndGlobalSection
	GlobalSection(SolutionProperties) = preSolution
		HideSolutionNode = FALSE
	EndGlobalSection
	GlobalSection(ExtensibilityGlobals) = postSolution
		SolutionGuid = {62FFF05B-D745-4B7A-A115-E16D2BD8875E}
	EndGlobalSection
EndGlobal
